// !$*UTF8*$!
{
	archiveVersion = 1;
	classes = {
	};
	objectVersion = 46;
	objects = {

/* Begin PBXBuildFile section */
		214DC6B00E12481EB326ECC0 /* libPods-ADEngineBlockSpecs.a in Frameworks */ = {isa = PBXBuildFile; fileRef = 2A9F3F11DD5F4DF9A207827F /* libPods-ADEngineBlockSpecs.a */; };
		56419F1C15D7057A009F7CC2 /* ADEngineBlock+AccountResources.m in Sources */ = {isa = PBXBuildFile; fileRef = 56419F1B15D7057A009F7CC2 /* ADEngineBlock+AccountResources.m */; };
		56419F1D15D7057A009F7CC2 /* ADEngineBlock+AccountResources.m in Sources */ = {isa = PBXBuildFile; fileRef = 56419F1B15D7057A009F7CC2 /* ADEngineBlock+AccountResources.m */; };
		565BDC141384777C005B411A /* ADEngineBlockSpec_Prefix.pch in Headers */ = {isa = PBXBuildFile; fileRef = 565BDC131384777C005B411A /* ADEngineBlockSpec_Prefix.pch */; };
		565BDC17138484C2005B411A /* ADEngineBlockRequestBuilderSpec.m in Sources */ = {isa = PBXBuildFile; fileRef = 565BDC1513847B9F005B411A /* ADEngineBlockRequestBuilderSpec.m */; };
		565BDC4D13857D15005B411A /* ADEngineBlockParameterBuilder.h in Headers */ = {isa = PBXBuildFile; fileRef = 565BDC4C13857D15005B411A /* ADEngineBlockParameterBuilder.h */; settings = {ATTRIBUTES = (); }; };
		565BDC4E13857D15005B411A /* ADEngineBlockParameterBuilder.h in Headers */ = {isa = PBXBuildFile; fileRef = 565BDC4C13857D15005B411A /* ADEngineBlockParameterBuilder.h */; };
		565BDC5313857D45005B411A /* ADEngineBlockParameterBuilder.m in Sources */ = {isa = PBXBuildFile; fileRef = 565BDC5013857D45005B411A /* ADEngineBlockParameterBuilder.m */; };
		565BDC5413857D45005B411A /* ADEngineBlockParameterBuilder.m in Sources */ = {isa = PBXBuildFile; fileRef = 565BDC5013857D45005B411A /* ADEngineBlockParameterBuilder.m */; };
		565BDC56138592FB005B411A /* ADEngineBlockParameterBuilderSpec.m in Sources */ = {isa = PBXBuildFile; fileRef = 565BDC55138592FB005B411A /* ADEngineBlockParameterBuilderSpec.m */; };
		5672750C1305BC6E00ABBAB1 /* ADEngineBlock_Private.h in Headers */ = {isa = PBXBuildFile; fileRef = 5672750A1305BC6E00ABBAB1 /* ADEngineBlock_Private.h */; };
		5672750D1305BC6E00ABBAB1 /* ADEngineBlock.h in Headers */ = {isa = PBXBuildFile; fileRef = 5672750B1305BC6E00ABBAB1 /* ADEngineBlock.h */; settings = {ATTRIBUTES = (Public, ); }; };
		567275121305BC7C00ABBAB1 /* ADEngineBlock.m in Sources */ = {isa = PBXBuildFile; fileRef = 5672750E1305BC7C00ABBAB1 /* ADEngineBlock.m */; };
		567275131305BC7C00ABBAB1 /* ADEngineBlock+RequestHandling.m in Sources */ = {isa = PBXBuildFile; fileRef = 5672750F1305BC7C00ABBAB1 /* ADEngineBlock+RequestHandling.m */; };
		567275141305BC7C00ABBAB1 /* ADEngineBlock+TimelineResources.m in Sources */ = {isa = PBXBuildFile; fileRef = 567275101305BC7C00ABBAB1 /* ADEngineBlock+TimelineResources.m */; };
		567275151305BC7C00ABBAB1 /* ADEngineBlock+TweetsResources.m in Sources */ = {isa = PBXBuildFile; fileRef = 567275111305BC7C00ABBAB1 /* ADEngineBlock+TweetsResources.m */; };
		567926741383843D0066138A /* main.m in Sources */ = {isa = PBXBuildFile; fileRef = 567926731383843D0066138A /* main.m */; };
		5679267F138385000066138A /* NSString+CaseInsensitiveCompareSpec.m in Sources */ = {isa = PBXBuildFile; fileRef = 5679267E138385000066138A /* NSString+CaseInsensitiveCompareSpec.m */; };
		56792689138386E30066138A /* NSString+CaseInsensitiveCompare.m in Sources */ = {isa = PBXBuildFile; fileRef = 56A3E10B12E95276003C04C5 /* NSString+CaseInsensitiveCompare.m */; };
		5679268B138387100066138A /* NSString+CaseInsensitiveCompare.h in Headers */ = {isa = PBXBuildFile; fileRef = 56A3E10A12E95276003C04C5 /* NSString+CaseInsensitiveCompare.h */; };
		5685C59F14AA26AA002326B3 /* ADEngineBlock.m in Sources */ = {isa = PBXBuildFile; fileRef = 5672750E1305BC7C00ABBAB1 /* ADEngineBlock.m */; };
		5685C5A114AA26C4002326B3 /* ADEngineBlock+RequestHandling.m in Sources */ = {isa = PBXBuildFile; fileRef = 5672750F1305BC7C00ABBAB1 /* ADEngineBlock+RequestHandling.m */; };
		5685C5A214AA26C7002326B3 /* ADEngineBlock+TimelineResources.m in Sources */ = {isa = PBXBuildFile; fileRef = 567275101305BC7C00ABBAB1 /* ADEngineBlock+TimelineResources.m */; };
		5685C5A314AA26CA002326B3 /* ADEngineBlock+TweetsResources.m in Sources */ = {isa = PBXBuildFile; fileRef = 567275111305BC7C00ABBAB1 /* ADEngineBlock+TweetsResources.m */; };
		56A3E10C12E95276003C04C5 /* NSString+CaseInsensitiveCompare.h in Headers */ = {isa = PBXBuildFile; fileRef = 56A3E10A12E95276003C04C5 /* NSString+CaseInsensitiveCompare.h */; };
		56A3E10D12E95276003C04C5 /* NSString+CaseInsensitiveCompare.m in Sources */ = {isa = PBXBuildFile; fileRef = 56A3E10B12E95276003C04C5 /* NSString+CaseInsensitiveCompare.m */; };
		56C8B91013844E7500A6481F /* ADEngineBlockRequestBuilder.h in Headers */ = {isa = PBXBuildFile; fileRef = 56C8B90F13844E7500A6481F /* ADEngineBlockRequestBuilder.h */; settings = {ATTRIBUTES = (); }; };
		56C8B91113844E7500A6481F /* ADEngineBlockRequestBuilder.h in Headers */ = {isa = PBXBuildFile; fileRef = 56C8B90F13844E7500A6481F /* ADEngineBlockRequestBuilder.h */; };
		56C8B91613844EA000A6481F /* ADEngineBlockRequestBuilder.m in Sources */ = {isa = PBXBuildFile; fileRef = 56C8B91313844EA000A6481F /* ADEngineBlockRequestBuilder.m */; };
		56C8B91713844EA000A6481F /* ADEngineBlockRequestBuilder.m in Sources */ = {isa = PBXBuildFile; fileRef = 56C8B91313844EA000A6481F /* ADEngineBlockRequestBuilder.m */; };
		56E42DB615D8AF0100E5FD79 /* ADEngineBlock+UserResources.m in Sources */ = {isa = PBXBuildFile; fileRef = 56E42DB515D8AF0100E5FD79 /* ADEngineBlock+UserResources.m */; };
		AA747D9F0F9514B9006C5449 /* ADEngineBlock_Prefix.pch in Headers */ = {isa = PBXBuildFile; fileRef = AA747D9E0F9514B9006C5449 /* ADEngineBlock_Prefix.pch */; };
		AACBBE4A0F95108600F1A2B1 /* Foundation.framework in Frameworks */ = {isa = PBXBuildFile; fileRef = AACBBE490F95108600F1A2B1 /* Foundation.framework */; };
		B4909ABBAFE340C4A169E1A3 /* libPods.a in Frameworks */ = {isa = PBXBuildFile; fileRef = 9C0CAF45F5614318B88B7F0D /* libPods.a */; };
/* End PBXBuildFile section */

/* Begin PBXFileReference section */
		171F87365738469CA2BC87DF /* Pods.xcconfig */ = {isa = PBXFileReference; includeInIndex = 1; lastKnownFileType = text.xcconfig; name = Pods.xcconfig; path = Pods/Pods.xcconfig; sourceTree = SOURCE_ROOT; };
		2A9F3F11DD5F4DF9A207827F /* libPods-ADEngineBlockSpecs.a */ = {isa = PBXFileReference; explicitFileType = archive.ar; includeInIndex = 0; path = "libPods-ADEngineBlockSpecs.a"; sourceTree = BUILT_PRODUCTS_DIR; };
		56419F1B15D7057A009F7CC2 /* ADEngineBlock+AccountResources.m */ = {isa = PBXFileReference; fileEncoding = 4; lastKnownFileType = sourcecode.c.objc; name = "ADEngineBlock+AccountResources.m"; path = "Classes/EngineBlock/Implementation/ADEngineBlock+AccountResources.m"; sourceTree = "<group>"; };
		565BDC131384777C005B411A /* ADEngineBlockSpec_Prefix.pch */ = {isa = PBXFileReference; fileEncoding = 4; lastKnownFileType = sourcecode.c.h; name = ADEngineBlockSpec_Prefix.pch; path = Specs/ADEngineBlockSpec_Prefix.pch; sourceTree = "<group>"; };
		565BDC1513847B9F005B411A /* ADEngineBlockRequestBuilderSpec.m */ = {isa = PBXFileReference; fileEncoding = 4; lastKnownFileType = sourcecode.c.objc; name = ADEngineBlockRequestBuilderSpec.m; path = Specs/ADEngineBlockRequestBuilderSpec.m; sourceTree = "<group>"; };
		565BDC4C13857D15005B411A /* ADEngineBlockParameterBuilder.h */ = {isa = PBXFileReference; fileEncoding = 4; lastKnownFileType = sourcecode.c.h; name = ADEngineBlockParameterBuilder.h; path = Classes/EngineBlock/Headers/ADEngineBlockParameterBuilder.h; sourceTree = "<group>"; };
		565BDC5013857D45005B411A /* ADEngineBlockParameterBuilder.m */ = {isa = PBXFileReference; fileEncoding = 4; lastKnownFileType = sourcecode.c.objc; name = ADEngineBlockParameterBuilder.m; path = Classes/EngineBlock/Implementation/ADEngineBlockParameterBuilder.m; sourceTree = "<group>"; };
		565BDC55138592FB005B411A /* ADEngineBlockParameterBuilderSpec.m */ = {isa = PBXFileReference; fileEncoding = 4; lastKnownFileType = sourcecode.c.objc; name = ADEngineBlockParameterBuilderSpec.m; path = Specs/ADEngineBlockParameterBuilderSpec.m; sourceTree = "<group>"; };
		5672750A1305BC6E00ABBAB1 /* ADEngineBlock_Private.h */ = {isa = PBXFileReference; fileEncoding = 4; lastKnownFileType = sourcecode.c.h; name = ADEngineBlock_Private.h; path = Classes/EngineBlock/Headers/ADEngineBlock_Private.h; sourceTree = "<group>"; };
		5672750B1305BC6E00ABBAB1 /* ADEngineBlock.h */ = {isa = PBXFileReference; fileEncoding = 4; lastKnownFileType = sourcecode.c.h; name = ADEngineBlock.h; path = Classes/EngineBlock/Headers/ADEngineBlock.h; sourceTree = "<group>"; };
		5672750E1305BC7C00ABBAB1 /* ADEngineBlock.m */ = {isa = PBXFileReference; fileEncoding = 4; lastKnownFileType = sourcecode.c.objc; name = ADEngineBlock.m; path = Classes/EngineBlock/Implementation/ADEngineBlock.m; sourceTree = "<group>"; };
		5672750F1305BC7C00ABBAB1 /* ADEngineBlock+RequestHandling.m */ = {isa = PBXFileReference; fileEncoding = 4; lastKnownFileType = sourcecode.c.objc; name = "ADEngineBlock+RequestHandling.m"; path = "Classes/EngineBlock/Implementation/ADEngineBlock+RequestHandling.m"; sourceTree = "<group>"; };
		567275101305BC7C00ABBAB1 /* ADEngineBlock+TimelineResources.m */ = {isa = PBXFileReference; fileEncoding = 4; lastKnownFileType = sourcecode.c.objc; name = "ADEngineBlock+TimelineResources.m"; path = "Classes/EngineBlock/Implementation/ADEngineBlock+TimelineResources.m"; sourceTree = "<group>"; };
		567275111305BC7C00ABBAB1 /* ADEngineBlock+TweetsResources.m */ = {isa = PBXFileReference; fileEncoding = 4; lastKnownFileType = sourcecode.c.objc; name = "ADEngineBlock+TweetsResources.m"; path = "Classes/EngineBlock/Implementation/ADEngineBlock+TweetsResources.m"; sourceTree = "<group>"; };
		56792629138383870066138A /* ADEngineBlockSpecs.app */ = {isa = PBXFileReference; explicitFileType = wrapper.application; includeInIndex = 0; path = ADEngineBlockSpecs.app; sourceTree = BUILT_PRODUCTS_DIR; };
		5679262B138383870066138A /* ADEngineBlockSpecs-Info.plist */ = {isa = PBXFileReference; lastKnownFileType = text.plist.xml; path = "ADEngineBlockSpecs-Info.plist"; sourceTree = "<group>"; };
		567926731383843D0066138A /* main.m */ = {isa = PBXFileReference; fileEncoding = 4; lastKnownFileType = sourcecode.c.objc; name = main.m; path = Specs/main.m; sourceTree = "<group>"; };
		5679267E138385000066138A /* NSString+CaseInsensitiveCompareSpec.m */ = {isa = PBXFileReference; fileEncoding = 4; lastKnownFileType = sourcecode.c.objc; name = "NSString+CaseInsensitiveCompareSpec.m"; path = "Specs/NSString+CaseInsensitiveCompareSpec.m"; sourceTree = "<group>"; };
		56A3E10A12E95276003C04C5 /* NSString+CaseInsensitiveCompare.h */ = {isa = PBXFileReference; fileEncoding = 4; lastKnownFileType = sourcecode.c.h; name = "NSString+CaseInsensitiveCompare.h"; path = "Classes/Categories/NSString+CaseInsensitiveCompare.h"; sourceTree = "<group>"; };
		56A3E10B12E95276003C04C5 /* NSString+CaseInsensitiveCompare.m */ = {isa = PBXFileReference; fileEncoding = 4; lastKnownFileType = sourcecode.c.objc; name = "NSString+CaseInsensitiveCompare.m"; path = "Classes/Categories/NSString+CaseInsensitiveCompare.m"; sourceTree = "<group>"; };
		56C8B90F13844E7500A6481F /* ADEngineBlockRequestBuilder.h */ = {isa = PBXFileReference; fileEncoding = 4; lastKnownFileType = sourcecode.c.h; name = ADEngineBlockRequestBuilder.h; path = Classes/EngineBlock/Headers/ADEngineBlockRequestBuilder.h; sourceTree = "<group>"; };
		56C8B91313844EA000A6481F /* ADEngineBlockRequestBuilder.m */ = {isa = PBXFileReference; fileEncoding = 4; lastKnownFileType = sourcecode.c.objc; name = ADEngineBlockRequestBuilder.m; path = Classes/EngineBlock/Implementation/ADEngineBlockRequestBuilder.m; sourceTree = "<group>"; };
		56E42DB515D8AF0100E5FD79 /* ADEngineBlock+UserResources.m */ = {isa = PBXFileReference; fileEncoding = 4; lastKnownFileType = sourcecode.c.objc; name = "ADEngineBlock+UserResources.m"; path = "Classes/EngineBlock/Implementation/ADEngineBlock+UserResources.m"; sourceTree = "<group>"; };
		9C0CAF45F5614318B88B7F0D /* libPods.a */ = {isa = PBXFileReference; explicitFileType = archive.ar; includeInIndex = 0; path = libPods.a; sourceTree = BUILT_PRODUCTS_DIR; };
		AA747D9E0F9514B9006C5449 /* ADEngineBlock_Prefix.pch */ = {isa = PBXFileReference; fileEncoding = 4; lastKnownFileType = sourcecode.c.h; path = ADEngineBlock_Prefix.pch; sourceTree = "<group>"; };
		AACBBE490F95108600F1A2B1 /* Foundation.framework */ = {isa = PBXFileReference; includeInIndex = 1; lastKnownFileType = wrapper.framework; name = Foundation.framework; path = System/Library/Frameworks/Foundation.framework; sourceTree = SDKROOT; };
		D2AAC07E0554694100DB518D /* libADEngineBlock.a */ = {isa = PBXFileReference; explicitFileType = archive.ar; includeInIndex = 0; path = libADEngineBlock.a; sourceTree = BUILT_PRODUCTS_DIR; };
		F8B63D60BDB5461D92C93A43 /* Pods-ADEngineBlockSpecs.xcconfig */ = {isa = PBXFileReference; includeInIndex = 1; lastKnownFileType = text.xcconfig; name = "Pods-ADEngineBlockSpecs.xcconfig"; path = "Pods/Pods-ADEngineBlockSpecs.xcconfig"; sourceTree = SOURCE_ROOT; };
/* End PBXFileReference section */

/* Begin PBXFrameworksBuildPhase section */
		56792627138383870066138A /* Frameworks */ = {
			isa = PBXFrameworksBuildPhase;
			buildActionMask = 2147483647;
			files = (
				214DC6B00E12481EB326ECC0 /* libPods-ADEngineBlockSpecs.a in Frameworks */,
			);
			runOnlyForDeploymentPostprocessing = 0;
		};
		D2AAC07C0554694100DB518D /* Frameworks */ = {
			isa = PBXFrameworksBuildPhase;
			buildActionMask = 2147483647;
			files = (
				AACBBE4A0F95108600F1A2B1 /* Foundation.framework in Frameworks */,
				B4909ABBAFE340C4A169E1A3 /* libPods.a in Frameworks */,
			);
			runOnlyForDeploymentPostprocessing = 0;
		};
/* End PBXFrameworksBuildPhase section */

/* Begin PBXGroup section */
		034768DFFF38A50411DB9C8B /* Products */ = {
			isa = PBXGroup;
			children = (
				D2AAC07E0554694100DB518D /* libADEngineBlock.a */,
				56792629138383870066138A /* ADEngineBlockSpecs.app */,
			);
			name = Products;
			sourceTree = "<group>";
		};
		0867D691FE84028FC02AAC07 /* ADTwitterEngine */ = {
			isa = PBXGroup;
			children = (
				08FB77AEFE84172EC02AAC07 /* Classes */,
				32C88DFF0371C24200C91783 /* Other Sources */,
				0867D69AFE84028FC02AAC07 /* Frameworks */,
				034768DFFF38A50411DB9C8B /* Products */,
				5679262F138383C00066138A /* Specs */,
				171F87365738469CA2BC87DF /* Pods.xcconfig */,
				F8B63D60BDB5461D92C93A43 /* Pods-ADEngineBlockSpecs.xcconfig */,
			);
			name = ADTwitterEngine;
			sourceTree = "<group>";
		};
		0867D69AFE84028FC02AAC07 /* Frameworks */ = {
			isa = PBXGroup;
			children = (
				AACBBE490F95108600F1A2B1 /* Foundation.framework */,
				9C0CAF45F5614318B88B7F0D /* libPods.a */,
				2A9F3F11DD5F4DF9A207827F /* libPods-ADEngineBlockSpecs.a */,
			);
			name = Frameworks;
			sourceTree = "<group>";
		};
		08FB77AEFE84172EC02AAC07 /* Classes */ = {
			isa = PBXGroup;
			children = (
				561A181212E3911100E1C58C /* Category */,
				56AFC60012DFB5FF0038CD99 /* EngineBlock */,
			);
			name = Classes;
			sourceTree = "<group>";
		};
		32C88DFF0371C24200C91783 /* Other Sources */ = {
			isa = PBXGroup;
			children = (
				AA747D9E0F9514B9006C5449 /* ADEngineBlock_Prefix.pch */,
			);
			name = "Other Sources";
			sourceTree = "<group>";
		};
		561A181212E3911100E1C58C /* Category */ = {
			isa = PBXGroup;
			children = (
				56A3E10A12E95276003C04C5 /* NSString+CaseInsensitiveCompare.h */,
				56A3E10B12E95276003C04C5 /* NSString+CaseInsensitiveCompare.m */,
			);
			name = Category;
			sourceTree = "<group>";
		};
		567275081305BB9500ABBAB1 /* Headers */ = {
			isa = PBXGroup;
			children = (
				5672750A1305BC6E00ABBAB1 /* ADEngineBlock_Private.h */,
				5672750B1305BC6E00ABBAB1 /* ADEngineBlock.h */,
				56C8B90F13844E7500A6481F /* ADEngineBlockRequestBuilder.h */,
				565BDC4C13857D15005B411A /* ADEngineBlockParameterBuilder.h */,
			);
			name = Headers;
			sourceTree = "<group>";
		};
		567275091305BB9C00ABBAB1 /* Implementation */ = {
			isa = PBXGroup;
			children = (
				5672750E1305BC7C00ABBAB1 /* ADEngineBlock.m */,
				56419F1B15D7057A009F7CC2 /* ADEngineBlock+AccountResources.m */,
				5672750F1305BC7C00ABBAB1 /* ADEngineBlock+RequestHandling.m */,
				567275101305BC7C00ABBAB1 /* ADEngineBlock+TimelineResources.m */,
				567275111305BC7C00ABBAB1 /* ADEngineBlock+TweetsResources.m */,
				56E42DB515D8AF0100E5FD79 /* ADEngineBlock+UserResources.m */,
				56C8B91313844EA000A6481F /* ADEngineBlockRequestBuilder.m */,
				565BDC5013857D45005B411A /* ADEngineBlockParameterBuilder.m */,
			);
			name = Implementation;
			sourceTree = "<group>";
		};
		5679262F138383C00066138A /* Specs */ = {
			isa = PBXGroup;
			children = (
				5679262B138383870066138A /* ADEngineBlockSpecs-Info.plist */,
				565BDC131384777C005B411A /* ADEngineBlockSpec_Prefix.pch */,
				567926731383843D0066138A /* main.m */,
				5679267E138385000066138A /* NSString+CaseInsensitiveCompareSpec.m */,
				565BDC55138592FB005B411A /* ADEngineBlockParameterBuilderSpec.m */,
				565BDC1513847B9F005B411A /* ADEngineBlockRequestBuilderSpec.m */,
			);
			name = Specs;
			sourceTree = "<group>";
		};
		56AFC60012DFB5FF0038CD99 /* EngineBlock */ = {
			isa = PBXGroup;
			children = (
				567275081305BB9500ABBAB1 /* Headers */,
				567275091305BB9C00ABBAB1 /* Implementation */,
			);
			name = EngineBlock;
			sourceTree = "<group>";
		};
/* End PBXGroup section */

/* Begin PBXHeadersBuildPhase section */
		5679268C1383872E0066138A /* Headers */ = {
			isa = PBXHeadersBuildPhase;
			buildActionMask = 2147483647;
			files = (
				565BDC141384777C005B411A /* ADEngineBlockSpec_Prefix.pch in Headers */,
				5679268B138387100066138A /* NSString+CaseInsensitiveCompare.h in Headers */,
				56C8B91113844E7500A6481F /* ADEngineBlockRequestBuilder.h in Headers */,
				565BDC4E13857D15005B411A /* ADEngineBlockParameterBuilder.h in Headers */,
			);
			runOnlyForDeploymentPostprocessing = 0;
		};
		D2AAC07A0554694100DB518D /* Headers */ = {
			isa = PBXHeadersBuildPhase;
			buildActionMask = 2147483647;
			files = (
				AA747D9F0F9514B9006C5449 /* ADEngineBlock_Prefix.pch in Headers */,
				5672750C1305BC6E00ABBAB1 /* ADEngineBlock_Private.h in Headers */,
				565BDC4D13857D15005B411A /* ADEngineBlockParameterBuilder.h in Headers */,
				56C8B91013844E7500A6481F /* ADEngineBlockRequestBuilder.h in Headers */,
				5672750D1305BC6E00ABBAB1 /* ADEngineBlock.h in Headers */,
				56A3E10C12E95276003C04C5 /* NSString+CaseInsensitiveCompare.h in Headers */,
			);
			runOnlyForDeploymentPostprocessing = 0;
		};
/* End PBXHeadersBuildPhase section */

/* Begin PBXNativeTarget section */
		56792628138383870066138A /* ADEngineBlockSpecs */ = {
			isa = PBXNativeTarget;
			buildConfigurationList = 5679262E138383880066138A /* Build configuration list for PBXNativeTarget "ADEngineBlockSpecs" */;
			buildPhases = (
				5679268C1383872E0066138A /* Headers */,
				56792625138383870066138A /* Resources */,
				56792626138383870066138A /* Sources */,
				56792627138383870066138A /* Frameworks */,
				4F388A3CE32C4F7B87D543C3 /* Copy Pods Resources */,
			);
			buildRules = (
			);
			dependencies = (
			);
			name = ADEngineBlockSpecs;
			productName = ADEngineBlockSpecs;
			productReference = 56792629138383870066138A /* ADEngineBlockSpecs.app */;
			productType = "com.apple.product-type.application";
		};
		D2AAC07D0554694100DB518D /* ADEngineBlock */ = {
			isa = PBXNativeTarget;
			buildConfigurationList = 1DEB921E08733DC00010E9CD /* Build configuration list for PBXNativeTarget "ADEngineBlock" */;
			buildPhases = (
				D2AAC07A0554694100DB518D /* Headers */,
				D2AAC07B0554694100DB518D /* Sources */,
				D2AAC07C0554694100DB518D /* Frameworks */,
				2470403F888A4D5AA295EF14 /* Copy Pods Resources */,
			);
			buildRules = (
			);
			dependencies = (
			);
			name = ADEngineBlock;
			productName = ADTwitterEngine;
			productReference = D2AAC07E0554694100DB518D /* libADEngineBlock.a */;
			productType = "com.apple.product-type.library.static";
		};
/* End PBXNativeTarget section */

/* Begin PBXProject section */
		0867D690FE84028FC02AAC07 /* Project object */ = {
			isa = PBXProject;
			attributes = {
				LastUpgradeCheck = 0440;
			};
			buildConfigurationList = 1DEB922208733DC00010E9CD /* Build configuration list for PBXProject "ADEngineBlock" */;
			compatibilityVersion = "Xcode 3.2";
			developmentRegion = English;
			hasScannedForEncodings = 1;
			knownRegions = (
				English,
				Japanese,
				French,
				German,
			);
			mainGroup = 0867D691FE84028FC02AAC07 /* ADTwitterEngine */;
			productRefGroup = 034768DFFF38A50411DB9C8B /* Products */;
			projectDirPath = "";
			projectRoot = "";
			targets = (
				D2AAC07D0554694100DB518D /* ADEngineBlock */,
				56792628138383870066138A /* ADEngineBlockSpecs */,
			);
		};
/* End PBXProject section */

/* Begin PBXResourcesBuildPhase section */
		56792625138383870066138A /* Resources */ = {
			isa = PBXResourcesBuildPhase;
			buildActionMask = 2147483647;
			files = (
			);
			runOnlyForDeploymentPostprocessing = 0;
		};
/* End PBXResourcesBuildPhase section */

/* Begin PBXShellScriptBuildPhase section */
		2470403F888A4D5AA295EF14 /* Copy Pods Resources */ = {
			isa = PBXShellScriptBuildPhase;
			buildActionMask = 2147483647;
			files = (
			);
			inputPaths = (
			);
			name = "Copy Pods Resources";
			outputPaths = (
			);
			runOnlyForDeploymentPostprocessing = 0;
			shellPath = /bin/sh;
			shellScript = "\"${SRCROOT}/Pods/Pods-resources.sh\"\n";
		};
		4F388A3CE32C4F7B87D543C3 /* Copy Pods Resources */ = {
			isa = PBXShellScriptBuildPhase;
			buildActionMask = 2147483647;
			files = (
			);
			inputPaths = (
			);
			name = "Copy Pods Resources";
			outputPaths = (
			);
			runOnlyForDeploymentPostprocessing = 0;
			shellPath = /bin/sh;
			shellScript = "\"${SRCROOT}/Pods/Pods-ADEngineBlockSpecs-resources.sh\"\n";
		};
/* End PBXShellScriptBuildPhase section */

/* Begin PBXSourcesBuildPhase section */
		56792626138383870066138A /* Sources */ = {
			isa = PBXSourcesBuildPhase;
			buildActionMask = 2147483647;
			files = (
				565BDC17138484C2005B411A /* ADEngineBlockRequestBuilderSpec.m in Sources */,
				567926741383843D0066138A /* main.m in Sources */,
				5679267F138385000066138A /* NSString+CaseInsensitiveCompareSpec.m in Sources */,
				56792689138386E30066138A /* NSString+CaseInsensitiveCompare.m in Sources */,
				56C8B91713844EA000A6481F /* ADEngineBlockRequestBuilder.m in Sources */,
				565BDC5413857D45005B411A /* ADEngineBlockParameterBuilder.m in Sources */,
				565BDC56138592FB005B411A /* ADEngineBlockParameterBuilderSpec.m in Sources */,
				5685C59F14AA26AA002326B3 /* ADEngineBlock.m in Sources */,
				5685C5A114AA26C4002326B3 /* ADEngineBlock+RequestHandling.m in Sources */,
				5685C5A214AA26C7002326B3 /* ADEngineBlock+TimelineResources.m in Sources */,
				5685C5A314AA26CA002326B3 /* ADEngineBlock+TweetsResources.m in Sources */,
				56419F1D15D7057A009F7CC2 /* ADEngineBlock+AccountResources.m in Sources */,
			);
			runOnlyForDeploymentPostprocessing = 0;
		};
		D2AAC07B0554694100DB518D /* Sources */ = {
			isa = PBXSourcesBuildPhase;
			buildActionMask = 2147483647;
			files = (
				56A3E10D12E95276003C04C5 /* NSString+CaseInsensitiveCompare.m in Sources */,
				567275121305BC7C00ABBAB1 /* ADEngineBlock.m in Sources */,
				567275131305BC7C00ABBAB1 /* ADEngineBlock+RequestHandling.m in Sources */,
				567275141305BC7C00ABBAB1 /* ADEngineBlock+TimelineResources.m in Sources */,
				567275151305BC7C00ABBAB1 /* ADEngineBlock+TweetsResources.m in Sources */,
				56C8B91613844EA000A6481F /* ADEngineBlockRequestBuilder.m in Sources */,
				565BDC5313857D45005B411A /* ADEngineBlockParameterBuilder.m in Sources */,
				56419F1C15D7057A009F7CC2 /* ADEngineBlock+AccountResources.m in Sources */,
				56E42DB615D8AF0100E5FD79 /* ADEngineBlock+UserResources.m in Sources */,
			);
			runOnlyForDeploymentPostprocessing = 0;
		};
/* End PBXSourcesBuildPhase section */

/* Begin XCBuildConfiguration section */
		1DEB921F08733DC00010E9CD /* Debug */ = {
			isa = XCBuildConfiguration;
			baseConfigurationReference = 171F87365738469CA2BC87DF /* Pods.xcconfig */;
			buildSettings = {
				ALWAYS_SEARCH_USER_PATHS = NO;
				ARCHS = "$(ARCHS_STANDARD_32_BIT)";
				COPY_PHASE_STRIP = NO;
				DSTROOT = /tmp/ADTwitterEngine.dst;
				FRAMEWORK_SEARCH_PATHS = "";
				GCC_DYNAMIC_NO_PIC = NO;
				GCC_MODEL_TUNING = G5;
				GCC_OPTIMIZATION_LEVEL = 0;
				GCC_PRECOMPILE_PREFIX_HEADER = YES;
				GCC_PREFIX_HEADER = ADEngineBlock_Prefix.pch;
				GCC_THUMB_SUPPORT = NO;
				GCC_VERSION = com.apple.compilers.llvm.clang.1_0;
				HEADER_SEARCH_PATHS = "$(PODS_HEADERS_SEARCH_PATHS)";
				INSTALL_PATH = /usr/local/lib;
				LIBRARY_SEARCH_PATHS = (
					"$(inherited)",
					"\"$(SRCROOT)\"",
				);
				OTHER_LDFLAGS = (
					"-all_load",
					"-ObjC",
				);
				PRODUCT_NAME = ADEngineBlock;
			};
			name = Debug;
		};
		1DEB922008733DC00010E9CD /* Release */ = {
			isa = XCBuildConfiguration;
			baseConfigurationReference = 171F87365738469CA2BC87DF /* Pods.xcconfig */;
			buildSettings = {
				ALWAYS_SEARCH_USER_PATHS = NO;
				ARCHS = "$(ARCHS_STANDARD_32_BIT)";
				DSTROOT = /tmp/ADTwitterEngine.dst;
				FRAMEWORK_SEARCH_PATHS = "";
				GCC_MODEL_TUNING = G5;
				GCC_PRECOMPILE_PREFIX_HEADER = YES;
				GCC_PREFIX_HEADER = ADEngineBlock_Prefix.pch;
				GCC_THUMB_SUPPORT = NO;
				GCC_VERSION = com.apple.compilers.llvm.clang.1_0;
				HEADER_SEARCH_PATHS = "$(PODS_HEADERS_SEARCH_PATHS)";
				INSTALL_PATH = /usr/local/lib;
				LIBRARY_SEARCH_PATHS = (
					"$(inherited)",
					"\"$(SRCROOT)\"",
				);
				OTHER_LDFLAGS = (
					"-all_load",
					"-ObjC",
				);
				PRODUCT_NAME = ADEngineBlock;
			};
			name = Release;
		};
		1DEB922308733DC00010E9CD /* Debug */ = {
			isa = XCBuildConfiguration;
			buildSettings = {
				ARCHS = "$(ARCHS_STANDARD_32_BIT)";
				GCC_C_LANGUAGE_STANDARD = c99;
				GCC_OPTIMIZATION_LEVEL = 0;
				GCC_VERSION = com.apple.compilers.llvm.clang.1_0;
				GCC_WARN_ABOUT_RETURN_TYPE = YES;
				GCC_WARN_UNUSED_VARIABLE = YES;
				OTHER_LDFLAGS = "-ObjC";
				SDKROOT = iphoneos;
			};
			name = Debug;
		};
		1DEB922408733DC00010E9CD /* Release */ = {
			isa = XCBuildConfiguration;
			buildSettings = {
				ARCHS = "$(ARCHS_STANDARD_32_BIT)";
				GCC_C_LANGUAGE_STANDARD = c99;
				GCC_VERSION = com.apple.compilers.llvm.clang.1_0;
				GCC_WARN_ABOUT_RETURN_TYPE = YES;
				GCC_WARN_UNUSED_VARIABLE = YES;
				OTHER_LDFLAGS = "-ObjC";
				SDKROOT = iphoneos;
			};
			name = Release;
		};
		5679262C138383880066138A /* Debug */ = {
			isa = XCBuildConfiguration;
			baseConfigurationReference = F8B63D60BDB5461D92C93A43 /* Pods-ADEngineBlockSpecs.xcconfig */;
			buildSettings = {
				ALWAYS_SEARCH_USER_PATHS = NO;
				ARCHS = "$(ARCHS_STANDARD_32_BIT)";
				CODE_SIGN_IDENTITY = "iPhone Developer";
				COPY_PHASE_STRIP = NO;
				GCC_DYNAMIC_NO_PIC = NO;
				GCC_OPTIMIZATION_LEVEL = 0;
				GCC_PRECOMPILE_PREFIX_HEADER = YES;
				GCC_PREFIX_HEADER = "$(PROJECT_DIR)/Specs/ADEngineBlockSpec_Prefix.pch";
				GCC_THUMB_SUPPORT = NO;
				GCC_VERSION = com.apple.compilers.llvm.clang.1_0;
				HEADER_SEARCH_PATHS = "$(PODS_HEADERS_SEARCH_PATHS)";
				INFOPLIST_FILE = "ADEngineBlockSpecs-Info.plist";
				INSTALL_PATH = "$(HOME)/Applications";
				OTHER_LDFLAGS = (
					"-ObjC",
					"-lstdc++",
					"-all_load",
					"-framework",
					Foundation,
					"-framework",
					UIKit,
				);
				PRODUCT_NAME = ADEngineBlockSpecs;
				SDKROOT = iphoneos;
			};
			name = Debug;
		};
		5679262D138383880066138A /* Release */ = {
			isa = XCBuildConfiguration;
			baseConfigurationReference = F8B63D60BDB5461D92C93A43 /* Pods-ADEngineBlockSpecs.xcconfig */;
			buildSettings = {
				ALWAYS_SEARCH_USER_PATHS = NO;
				ARCHS = "$(ARCHS_STANDARD_32_BIT)";
				CODE_SIGN_IDENTITY = "iPhone Developer";
				COPY_PHASE_STRIP = YES;
				DEBUG_INFORMATION_FORMAT = "dwarf-with-dsym";
				GCC_PRECOMPILE_PREFIX_HEADER = YES;
				GCC_PREFIX_HEADER = "$(PROJECT_DIR)/Specs/ADEngineBlockSpec_Prefix.pch";
				GCC_THUMB_SUPPORT = NO;
				GCC_VERSION = com.apple.compilers.llvm.clang.1_0;
				HEADER_SEARCH_PATHS = "$(PODS_HEADERS_SEARCH_PATHS)";
				INFOPLIST_FILE = "ADEngineBlockSpecs-Info.plist";
				INSTALL_PATH = "$(HOME)/Applications";
				OTHER_LDFLAGS = (
					"-ObjC",
					"-lstdc++",
					"-all_load",
					"-framework",
					Foundation,
					"-framework",
					UIKit,
				);
				PRODUCT_NAME = ADEngineBlockSpecs;
				SDKROOT = iphoneos;
				ZERO_LINK = NO;
			};
			name = Release;
		};
/* End XCBuildConfiguration section */

/* Begin XCConfigurationList section */
		1DEB921E08733DC00010E9CD /* Build configuration list for PBXNativeTarget "ADEngineBlock" */ = {
			isa = XCConfigurationList;
			buildConfigurations = (
				1DEB921F08733DC00010E9CD /* Debug */,
				1DEB922008733DC00010E9CD /* Release */,
			);
			defaultConfigurationIsVisible = 0;
			defaultConfigurationName = Release;
		};
		1DEB922208733DC00010E9CD /* Build configuration list for PBXProject "ADEngineBlock" */ = {
			isa = XCConfigurationList;
			buildConfigurations = (
				1DEB922308733DC00010E9CD /* Debug */,
				1DEB922408733DC00010E9CD /* Release */,
			);
			defaultConfigurationIsVisible = 0;
			defaultConfigurationName = Release;
		};
		5679262E138383880066138A /* Build configuration list for PBXNativeTarget "ADEngineBlockSpecs" */ = {
			isa = XCConfigurationList;
			buildConfigurations = (
				5679262C138383880066138A /* Debug */,
				5679262D138383880066138A /* Release */,
			);
			defaultConfigurationIsVisible = 0;
			defaultConfigurationName = Release;
		};
/* End XCConfigurationList section */
	};
	rootObject = 0867D690FE84028FC02AAC07 /* Project object */;
}
